// !$*UTF8*$!
{
	archiveVersion = 1;
	classes = {
	};
	objectVersion = 55;
	objects = {

/* Begin PBXBuildFile section */
		6AD3E85228D3E06C00B6EF3B /* AppDelegate.swift in Sources */ = {isa = PBXBuildFile; fileRef = 6AD3E85128D3E06C00B6EF3B /* AppDelegate.swift */; };
		6AD3E85428D3E06C00B6EF3B /* SceneDelegate.swift in Sources */ = {isa = PBXBuildFile; fileRef = 6AD3E85328D3E06C00B6EF3B /* SceneDelegate.swift */; };
		6AD3E85628D3E06C00B6EF3B /* ViewController.swift in Sources */ = {isa = PBXBuildFile; fileRef = 6AD3E85528D3E06C00B6EF3B /* ViewController.swift */; };
		6AD3E85928D3E06C00B6EF3B /* Main.storyboard in Resources */ = {isa = PBXBuildFile; fileRef = 6AD3E85728D3E06C00B6EF3B /* Main.storyboard */; };
		6AD3E85B28D3E06D00B6EF3B /* Assets.xcassets in Resources */ = {isa = PBXBuildFile; fileRef = 6AD3E85A28D3E06D00B6EF3B /* Assets.xcassets */; };
		6AD3E85E28D3E06D00B6EF3B /* LaunchScreen.storyboard in Resources */ = {isa = PBXBuildFile; fileRef = 6AD3E85C28D3E06D00B6EF3B /* LaunchScreen.storyboard */; };
		6AD3E86928D3E06D00B6EF3B /* ForReelsTests.swift in Sources */ = {isa = PBXBuildFile; fileRef = 6AD3E86828D3E06D00B6EF3B /* ForReelsTests.swift */; };
		6AD3E87328D3E06D00B6EF3B /* ForReelsUITests.swift in Sources */ = {isa = PBXBuildFile; fileRef = 6AD3E87228D3E06D00B6EF3B /* ForReelsUITests.swift */; };
		6AD3E87528D3E06D00B6EF3B /* ForReelsUITestsLaunchTests.swift in Sources */ = {isa = PBXBuildFile; fileRef = 6AD3E87428D3E06D00B6EF3B /* ForReelsUITestsLaunchTests.swift */; };
/* End PBXBuildFile section */

/* Begin PBXContainerItemProxy section */
		6AD3E86528D3E06D00B6EF3B /* PBXContainerItemProxy */ = {
			isa = PBXContainerItemProxy;
			containerPortal = 6AD3E84628D3E06C00B6EF3B /* Project object */;
			proxyType = 1;
			remoteGlobalIDString = 6AD3E84D28D3E06C00B6EF3B;
			remoteInfo = ForReels;
		};
		6AD3E86F28D3E06D00B6EF3B /* PBXContainerItemProxy */ = {
			isa = PBXContainerItemProxy;
			containerPortal = 6AD3E84628D3E06C00B6EF3B /* Project object */;
			proxyType = 1;
			remoteGlobalIDString = 6AD3E84D28D3E06C00B6EF3B;
			remoteInfo = ForReels;
		};
/* End PBXContainerItemProxy section */

/* Begin PBXFileReference section */
		6AD3E84E28D3E06C00B6EF3B /* ForReels.app */ = {isa = PBXFileReference; explicitFileType = wrapper.application; includeInIndex = 0; path = ForReels.app; sourceTree = BUILT_PRODUCTS_DIR; };
		6AD3E85128D3E06C00B6EF3B /* AppDelegate.swift */ = {isa = PBXFileReference; lastKnownFileType = sourcecode.swift; path = AppDelegate.swift; sourceTree = "<group>"; };
		6AD3E85328D3E06C00B6EF3B /* SceneDelegate.swift */ = {isa = PBXFileReference; lastKnownFileType = sourcecode.swift; path = SceneDelegate.swift; sourceTree = "<group>"; };
		6AD3E85528D3E06C00B6EF3B /* ViewController.swift */ = {isa = PBXFileReference; lastKnownFileType = sourcecode.swift; path = ViewController.swift; sourceTree = "<group>"; };
		6AD3E85828D3E06C00B6EF3B /* Base */ = {isa = PBXFileReference; lastKnownFileType = file.storyboard; name = Base; path = Base.lproj/Main.storyboard; sourceTree = "<group>"; };
		6AD3E85A28D3E06D00B6EF3B /* Assets.xcassets */ = {isa = PBXFileReference; lastKnownFileType = folder.assetcatalog; path = Assets.xcassets; sourceTree = "<group>"; };
		6AD3E85D28D3E06D00B6EF3B /* Base */ = {isa = PBXFileReference; lastKnownFileType = file.storyboard; name = Base; path = Base.lproj/LaunchScreen.storyboard; sourceTree = "<group>"; };
		6AD3E85F28D3E06D00B6EF3B /* Info.plist */ = {isa = PBXFileReference; lastKnownFileType = text.plist.xml; path = Info.plist; sourceTree = "<group>"; };
		6AD3E86428D3E06D00B6EF3B /* ForReelsTests.xctest */ = {isa = PBXFileReference; explicitFileType = wrapper.cfbundle; includeInIndex = 0; path = ForReelsTests.xctest; sourceTree = BUILT_PRODUCTS_DIR; };
		6AD3E86828D3E06D00B6EF3B /* ForReelsTests.swift */ = {isa = PBXFileReference; lastKnownFileType = sourcecode.swift; path = ForReelsTests.swift; sourceTree = "<group>"; };
		6AD3E86E28D3E06D00B6EF3B /* ForReelsUITests.xctest */ = {isa = PBXFileReference; explicitFileType = wrapper.cfbundle; includeInIndex = 0; path = ForReelsUITests.xctest; sourceTree = BUILT_PRODUCTS_DIR; };
		6AD3E87228D3E06D00B6EF3B /* ForReelsUITests.swift */ = {isa = PBXFileReference; lastKnownFileType = sourcecode.swift; path = ForReelsUITests.swift; sourceTree = "<group>"; };
		6AD3E87428D3E06D00B6EF3B /* ForReelsUITestsLaunchTests.swift */ = {isa = PBXFileReference; lastKnownFileType = sourcecode.swift; path = ForReelsUITestsLaunchTests.swift; sourceTree = "<group>"; };
/* End PBXFileReference section */

/* Begin PBXFrameworksBuildPhase section */
		6AD3E84B28D3E06C00B6EF3B /* Frameworks */ = {
			isa = PBXFrameworksBuildPhase;
			buildActionMask = 2147483647;
			files = (
			);
			runOnlyForDeploymentPostprocessing = 0;
		};
		6AD3E86128D3E06D00B6EF3B /* Frameworks */ = {
			isa = PBXFrameworksBuildPhase;
			buildActionMask = 2147483647;
			files = (
			);
			runOnlyForDeploymentPostprocessing = 0;
		};
		6AD3E86B28D3E06D00B6EF3B /* Frameworks */ = {
			isa = PBXFrameworksBuildPhase;
			buildActionMask = 2147483647;
			files = (
			);
			runOnlyForDeploymentPostprocessing = 0;
		};
/* End PBXFrameworksBuildPhase section */

/* Begin PBXGroup section */
		6AD3E84528D3E06C00B6EF3B = {
			isa = PBXGroup;
			children = (
				6AD3E85028D3E06C00B6EF3B /* ForReels */,
				6AD3E86728D3E06D00B6EF3B /* ForReelsTests */,
				6AD3E87128D3E06D00B6EF3B /* ForReelsUITests */,
				6AD3E84F28D3E06C00B6EF3B /* Products */,
			);
			sourceTree = "<group>";
		};
		6AD3E84F28D3E06C00B6EF3B /* Products */ = {
			isa = PBXGroup;
			children = (
				6AD3E84E28D3E06C00B6EF3B /* ForReels.app */,
				6AD3E86428D3E06D00B6EF3B /* ForReelsTests.xctest */,
				6AD3E86E28D3E06D00B6EF3B /* ForReelsUITests.xctest */,
			);
			name = Products;
			sourceTree = "<group>";
		};
		6AD3E85028D3E06C00B6EF3B /* ForReels */ = {
			isa = PBXGroup;
			children = (
				6AD3E85128D3E06C00B6EF3B /* AppDelegate.swift */,
				6AD3E85328D3E06C00B6EF3B /* SceneDelegate.swift */,
				6AD3E85528D3E06C00B6EF3B /* ViewController.swift */,
				6AD3E85728D3E06C00B6EF3B /* Main.storyboard */,
				6AD3E85A28D3E06D00B6EF3B /* Assets.xcassets */,
				6AD3E85C28D3E06D00B6EF3B /* LaunchScreen.storyboard */,
				6AD3E85F28D3E06D00B6EF3B /* Info.plist */,
			);
			path = ForReels;
			sourceTree = "<group>";
		};
		6AD3E86728D3E06D00B6EF3B /* ForReelsTests */ = {
			isa = PBXGroup;
			children = (
				6AD3E86828D3E06D00B6EF3B /* ForReelsTests.swift */,
			);
			path = ForReelsTests;
			sourceTree = "<group>";
		};
		6AD3E87128D3E06D00B6EF3B /* ForReelsUITests */ = {
			isa = PBXGroup;
			children = (
				6AD3E87228D3E06D00B6EF3B /* ForReelsUITests.swift */,
				6AD3E87428D3E06D00B6EF3B /* ForReelsUITestsLaunchTests.swift */,
			);
			path = ForReelsUITests;
			sourceTree = "<group>";
		};
/* End PBXGroup section */

/* Begin PBXNativeTarget section */
		6AD3E84D28D3E06C00B6EF3B /* ForReels */ = {
			isa = PBXNativeTarget;
			buildConfigurationList = 6AD3E87828D3E06D00B6EF3B /* Build configuration list for PBXNativeTarget "ForReels" */;
			buildPhases = (
				6AD3E84A28D3E06C00B6EF3B /* Sources */,
				6AD3E84B28D3E06C00B6EF3B /* Frameworks */,
				6AD3E84C28D3E06C00B6EF3B /* Resources */,
			);
			buildRules = (
			);
			dependencies = (
			);
			name = ForReels;
			productName = ForReels;
			productReference = 6AD3E84E28D3E06C00B6EF3B /* ForReels.app */;
			productType = "com.apple.product-type.application";
		};
		6AD3E86328D3E06D00B6EF3B /* ForReelsTests */ = {
			isa = PBXNativeTarget;
			buildConfigurationList = 6AD3E87B28D3E06D00B6EF3B /* Build configuration list for PBXNativeTarget "ForReelsTests" */;
			buildPhases = (
				6AD3E86028D3E06D00B6EF3B /* Sources */,
				6AD3E86128D3E06D00B6EF3B /* Frameworks */,
				6AD3E86228D3E06D00B6EF3B /* Resources */,
			);
			buildRules = (
			);
			dependencies = (
				6AD3E86628D3E06D00B6EF3B /* PBXTargetDependency */,
			);
			name = ForReelsTests;
			productName = ForReelsTests;
			productReference = 6AD3E86428D3E06D00B6EF3B /* ForReelsTests.xctest */;
			productType = "com.apple.product-type.bundle.unit-test";
		};
		6AD3E86D28D3E06D00B6EF3B /* ForReelsUITests */ = {
			isa = PBXNativeTarget;
			buildConfigurationList = 6AD3E87E28D3E06D00B6EF3B /* Build configuration list for PBXNativeTarget "ForReelsUITests" */;
			buildPhases = (
				6AD3E86A28D3E06D00B6EF3B /* Sources */,
				6AD3E86B28D3E06D00B6EF3B /* Frameworks */,
				6AD3E86C28D3E06D00B6EF3B /* Resources */,
			);
			buildRules = (
			);
			dependencies = (
				6AD3E87028D3E06D00B6EF3B /* PBXTargetDependency */,
			);
			name = ForReelsUITests;
			productName = ForReelsUITests;
			productReference = 6AD3E86E28D3E06D00B6EF3B /* ForReelsUITests.xctest */;
			productType = "com.apple.product-type.bundle.ui-testing";
		};
/* End PBXNativeTarget section */

/* Begin PBXProject section */
		6AD3E84628D3E06C00B6EF3B /* Project object */ = {
			isa = PBXProject;
			attributes = {
				BuildIndependentTargetsInParallel = 1;
				LastSwiftUpdateCheck = 1340;
				LastUpgradeCheck = 1340;
				TargetAttributes = {
					6AD3E84D28D3E06C00B6EF3B = {
						CreatedOnToolsVersion = 13.4.1;
					};
					6AD3E86328D3E06D00B6EF3B = {
						CreatedOnToolsVersion = 13.4.1;
						TestTargetID = 6AD3E84D28D3E06C00B6EF3B;
					};
					6AD3E86D28D3E06D00B6EF3B = {
						CreatedOnToolsVersion = 13.4.1;
						TestTargetID = 6AD3E84D28D3E06C00B6EF3B;
					};
				};
			};
			buildConfigurationList = 6AD3E84928D3E06C00B6EF3B /* Build configuration list for PBXProject "ForReels" */;
			compatibilityVersion = "Xcode 13.0";
			developmentRegion = en;
			hasScannedForEncodings = 0;
			knownRegions = (
				en,
				Base,
			);
			mainGroup = 6AD3E84528D3E06C00B6EF3B;
			productRefGroup = 6AD3E84F28D3E06C00B6EF3B /* Products */;
			projectDirPath = "";
			projectRoot = "";
			targets = (
				6AD3E84D28D3E06C00B6EF3B /* ForReels */,
				6AD3E86328D3E06D00B6EF3B /* ForReelsTests */,
				6AD3E86D28D3E06D00B6EF3B /* ForReelsUITests */,
			);
		};
/* End PBXProject section */

/* Begin PBXResourcesBuildPhase section */
		6AD3E84C28D3E06C00B6EF3B /* Resources */ = {
			isa = PBXResourcesBuildPhase;
			buildActionMask = 2147483647;
			files = (
				6AD3E85E28D3E06D00B6EF3B /* LaunchScreen.storyboard in Resources */,
				6AD3E85B28D3E06D00B6EF3B /* Assets.xcassets in Resources */,
				6AD3E85928D3E06C00B6EF3B /* Main.storyboard in Resources */,
			);
			runOnlyForDeploymentPostprocessing = 0;
		};
		6AD3E86228D3E06D00B6EF3B /* Resources */ = {
			isa = PBXResourcesBuildPhase;
			buildActionMask = 2147483647;
			files = (
			);
			runOnlyForDeploymentPostprocessing = 0;
		};
		6AD3E86C28D3E06D00B6EF3B /* Resources */ = {
			isa = PBXResourcesBuildPhase;
			buildActionMask = 2147483647;
			files = (
			);
			runOnlyForDeploymentPostprocessing = 0;
		};
/* End PBXResourcesBuildPhase section */

/* Begin PBXSourcesBuildPhase section */
		6AD3E84A28D3E06C00B6EF3B /* Sources */ = {
			isa = PBXSourcesBuildPhase;
			buildActionMask = 2147483647;
			files = (
				6AD3E85628D3E06C00B6EF3B /* ViewController.swift in Sources */,
				6AD3E85228D3E06C00B6EF3B /* AppDelegate.swift in Sources */,
				6AD3E85428D3E06C00B6EF3B /* SceneDelegate.swift in Sources */,
			);
			runOnlyForDeploymentPostprocessing = 0;
		};
		6AD3E86028D3E06D00B6EF3B /* Sources */ = {
			isa = PBXSourcesBuildPhase;
			buildActionMask = 2147483647;
			files = (
				6AD3E86928D3E06D00B6EF3B /* ForReelsTests.swift in Sources */,
			);
			runOnlyForDeploymentPostprocessing = 0;
		};
		6AD3E86A28D3E06D00B6EF3B /* Sources */ = {
			isa = PBXSourcesBuildPhase;
			buildActionMask = 2147483647;
			files = (
				6AD3E87528D3E06D00B6EF3B /* ForReelsUITestsLaunchTests.swift in Sources */,
				6AD3E87328D3E06D00B6EF3B /* ForReelsUITests.swift in Sources */,
			);
			runOnlyForDeploymentPostprocessing = 0;
		};
/* End PBXSourcesBuildPhase section */

/* Begin PBXTargetDependency section */
		6AD3E86628D3E06D00B6EF3B /* PBXTargetDependency */ = {
			isa = PBXTargetDependency;
			target = 6AD3E84D28D3E06C00B6EF3B /* ForReels */;
			targetProxy = 6AD3E86528D3E06D00B6EF3B /* PBXContainerItemProxy */;
		};
		6AD3E87028D3E06D00B6EF3B /* PBXTargetDependency */ = {
			isa = PBXTargetDependency;
			target = 6AD3E84D28D3E06C00B6EF3B /* ForReels */;
			targetProxy = 6AD3E86F28D3E06D00B6EF3B /* PBXContainerItemProxy */;
		};
/* End PBXTargetDependency section */

/* Begin PBXVariantGroup section */
		6AD3E85728D3E06C00B6EF3B /* Main.storyboard */ = {
			isa = PBXVariantGroup;
			children = (
				6AD3E85828D3E06C00B6EF3B /* Base */,
			);
			name = Main.storyboard;
			sourceTree = "<group>";
		};
		6AD3E85C28D3E06D00B6EF3B /* LaunchScreen.storyboard */ = {
			isa = PBXVariantGroup;
			children = (
				6AD3E85D28D3E06D00B6EF3B /* Base */,
			);
			name = LaunchScreen.storyboard;
			sourceTree = "<group>";
		};
/* End PBXVariantGroup section */

/* Begin XCBuildConfiguration section */
		6AD3E87628D3E06D00B6EF3B /* Debug */ = {
			isa = XCBuildConfiguration;
			buildSettings = {
				ALWAYS_SEARCH_USER_PATHS = NO;
				CLANG_ANALYZER_NONNULL = YES;
				CLANG_ANALYZER_NUMBER_OBJECT_CONVERSION = YES_AGGRESSIVE;
				CLANG_CXX_LANGUAGE_STANDARD = "gnu++17";
				CLANG_ENABLE_MODULES = YES;
				CLANG_ENABLE_OBJC_ARC = YES;
				CLANG_ENABLE_OBJC_WEAK = YES;
				CLANG_WARN_BLOCK_CAPTURE_AUTORELEASING = YES;
				CLANG_WARN_BOOL_CONVERSION = YES;
				CLANG_WARN_COMMA = YES;
				CLANG_WARN_CONSTANT_CONVERSION = YES;
				CLANG_WARN_DEPRECATED_OBJC_IMPLEMENTATIONS = YES;
				CLANG_WARN_DIRECT_OBJC_ISA_USAGE = YES_ERROR;
				CLANG_WARN_DOCUMENTATION_COMMENTS = YES;
				CLANG_WARN_EMPTY_BODY = YES;
				CLANG_WARN_ENUM_CONVERSION = YES;
				CLANG_WARN_INFINITE_RECURSION = YES;
				CLANG_WARN_INT_CONVERSION = YES;
				CLANG_WARN_NON_LITERAL_NULL_CONVERSION = YES;
				CLANG_WARN_OBJC_IMPLICIT_RETAIN_SELF = YES;
				CLANG_WARN_OBJC_LITERAL_CONVERSION = YES;
				CLANG_WARN_OBJC_ROOT_CLASS = YES_ERROR;
				CLANG_WARN_QUOTED_INCLUDE_IN_FRAMEWORK_HEADER = YES;
				CLANG_WARN_RANGE_LOOP_ANALYSIS = YES;
				CLANG_WARN_STRICT_PROTOTYPES = YES;
				CLANG_WARN_SUSPICIOUS_MOVE = YES;
				CLANG_WARN_UNGUARDED_AVAILABILITY = YES_AGGRESSIVE;
				CLANG_WARN_UNREACHABLE_CODE = YES;
				CLANG_WARN__DUPLICATE_METHOD_MATCH = YES;
				COPY_PHASE_STRIP = NO;
				DEBUG_INFORMATION_FORMAT = dwarf;
				ENABLE_STRICT_OBJC_MSGSEND = YES;
				ENABLE_TESTABILITY = YES;
				GCC_C_LANGUAGE_STANDARD = gnu11;
				GCC_DYNAMIC_NO_PIC = NO;
				GCC_NO_COMMON_BLOCKS = YES;
				GCC_OPTIMIZATION_LEVEL = 0;
				GCC_PREPROCESSOR_DEFINITIONS = (
					"DEBUG=1",
					"$(inherited)",
				);
				GCC_WARN_64_TO_32_BIT_CONVERSION = YES;
				GCC_WARN_ABOUT_RETURN_TYPE = YES_ERROR;
				GCC_WARN_UNDECLARED_SELECTOR = YES;
				GCC_WARN_UNINITIALIZED_AUTOS = YES_AGGRESSIVE;
				GCC_WARN_UNUSED_FUNCTION = YES;
				GCC_WARN_UNUSED_VARIABLE = YES;
				IPHONEOS_DEPLOYMENT_TARGET = 15.5;
				MTL_ENABLE_DEBUG_INFO = INCLUDE_SOURCE;
				MTL_FAST_MATH = YES;
				ONLY_ACTIVE_ARCH = YES;
				SDKROOT = iphoneos;
				SWIFT_ACTIVE_COMPILATION_CONDITIONS = DEBUG;
				SWIFT_OPTIMIZATION_LEVEL = "-Onone";
			};
			name = Debug;
		};
		6AD3E87728D3E06D00B6EF3B /* Release */ = {
			isa = XCBuildConfiguration;
			buildSettings = {
				ALWAYS_SEARCH_USER_PATHS = NO;
				CLANG_ANALYZER_NONNULL = YES;
				CLANG_ANALYZER_NUMBER_OBJECT_CONVERSION = YES_AGGRESSIVE;
				CLANG_CXX_LANGUAGE_STANDARD = "gnu++17";
				CLANG_ENABLE_MODULES = YES;
				CLANG_ENABLE_OBJC_ARC = YES;
				CLANG_ENABLE_OBJC_WEAK = YES;
				CLANG_WARN_BLOCK_CAPTURE_AUTORELEASING = YES;
				CLANG_WARN_BOOL_CONVERSION = YES;
				CLANG_WARN_COMMA = YES;
				CLANG_WARN_CONSTANT_CONVERSION = YES;
				CLANG_WARN_DEPRECATED_OBJC_IMPLEMENTATIONS = YES;
				CLANG_WARN_DIRECT_OBJC_ISA_USAGE = YES_ERROR;
				CLANG_WARN_DOCUMENTATION_COMMENTS = YES;
				CLANG_WARN_EMPTY_BODY = YES;
				CLANG_WARN_ENUM_CONVERSION = YES;
				CLANG_WARN_INFINITE_RECURSION = YES;
				CLANG_WARN_INT_CONVERSION = YES;
				CLANG_WARN_NON_LITERAL_NULL_CONVERSION = YES;
				CLANG_WARN_OBJC_IMPLICIT_RETAIN_SELF = YES;
				CLANG_WARN_OBJC_LITERAL_CONVERSION = YES;
				CLANG_WARN_OBJC_ROOT_CLASS = YES_ERROR;
				CLANG_WARN_QUOTED_INCLUDE_IN_FRAMEWORK_HEADER = YES;
				CLANG_WARN_RANGE_LOOP_ANALYSIS = YES;
				CLANG_WARN_STRICT_PROTOTYPES = YES;
				CLANG_WARN_SUSPICIOUS_MOVE = YES;
				CLANG_WARN_UNGUARDED_AVAILABILITY = YES_AGGRESSIVE;
				CLANG_WARN_UNREACHABLE_CODE = YES;
				CLANG_WARN__DUPLICATE_METHOD_MATCH = YES;
				COPY_PHASE_STRIP = NO;
				DEBUG_INFORMATION_FORMAT = "dwarf-with-dsym";
				ENABLE_NS_ASSERTIONS = NO;
				ENABLE_STRICT_OBJC_MSGSEND = YES;
				GCC_C_LANGUAGE_STANDARD = gnu11;
				GCC_NO_COMMON_BLOCKS = YES;
				GCC_WARN_64_TO_32_BIT_CONVERSION = YES;
				GCC_WARN_ABOUT_RETURN_TYPE = YES_ERROR;
				GCC_WARN_UNDECLARED_SELECTOR = YES;
				GCC_WARN_UNINITIALIZED_AUTOS = YES_AGGRESSIVE;
				GCC_WARN_UNUSED_FUNCTION = YES;
				GCC_WARN_UNUSED_VARIABLE = YES;
				IPHONEOS_DEPLOYMENT_TARGET = 15.5;
				MTL_ENABLE_DEBUG_INFO = NO;
				MTL_FAST_MATH = YES;
				SDKROOT = iphoneos;
				SWIFT_COMPILATION_MODE = wholemodule;
				SWIFT_OPTIMIZATION_LEVEL = "-O";
				VALIDATE_PRODUCT = YES;
			};
			name = Release;
		};
		6AD3E87928D3E06D00B6EF3B /* Debug */ = {
			isa = XCBuildConfiguration;
			buildSettings = {
				ASSETCATALOG_COMPILER_APPICON_NAME = AppIcon;
				ASSETCATALOG_COMPILER_GLOBAL_ACCENT_COLOR_NAME = AccentColor;
				CODE_SIGN_STYLE = Automatic;
				CURRENT_PROJECT_VERSION = 1;
				DEVELOPMENT_TEAM = 26U25AQV5V;
				GENERATE_INFOPLIST_FILE = YES;
				INFOPLIST_FILE = ForReels/Info.plist;
				INFOPLIST_KEY_UIApplicationSupportsIndirectInputEvents = YES;
				INFOPLIST_KEY_UILaunchStoryboardName = LaunchScreen;
				INFOPLIST_KEY_UIMainStoryboardFile = Main;
				INFOPLIST_KEY_UISupportedInterfaceOrientations_iPad = "UIInterfaceOrientationPortrait UIInterfaceOrientationPortraitUpsideDown UIInterfaceOrientationLandscapeLeft UIInterfaceOrientationLandscapeRight";
				INFOPLIST_KEY_UISupportedInterfaceOrientations_iPhone = "UIInterfaceOrientationPortrait UIInterfaceOrientationLandscapeLeft UIInterfaceOrientationLandscapeRight";
				LD_RUNPATH_SEARCH_PATHS = (
					"$(inherited)",
					"@executable_path/Frameworks",
				);
				MARKETING_VERSION = 1.0;
				PRODUCT_BUNDLE_IDENTIFIER = com.mattn0427.ForReels;
				PRODUCT_NAME = "$(TARGET_NAME)";
				SWIFT_EMIT_LOC_STRINGS = YES;
				SWIFT_VERSION = 5.0;
				TARGETED_DEVICE_FAMILY = "1,2";
			};
			name = Debug;
		};
		6AD3E87A28D3E06D00B6EF3B /* Release */ = {
			isa = XCBuildConfiguration;
			buildSettings = {
				ASSETCATALOG_COMPILER_APPICON_NAME = AppIcon;
				ASSETCATALOG_COMPILER_GLOBAL_ACCENT_COLOR_NAME = AccentColor;
				CODE_SIGN_STYLE = Automatic;
				CURRENT_PROJECT_VERSION = 1;
				DEVELOPMENT_TEAM = 26U25AQV5V;
				GENERATE_INFOPLIST_FILE = YES;
				INFOPLIST_FILE = ForReels/Info.plist;
				INFOPLIST_KEY_UIApplicationSupportsIndirectInputEvents = YES;
				INFOPLIST_KEY_UILaunchStoryboardName = LaunchScreen;
				INFOPLIST_KEY_UIMainStoryboardFile = Main;
				INFOPLIST_KEY_UISupportedInterfaceOrientations_iPad = "UIInterfaceOrientationPortrait UIInterfaceOrientationPortraitUpsideDown UIInterfaceOrientationLandscapeLeft UIInterfaceOrientationLandscapeRight";
				INFOPLIST_KEY_UISupportedInterfaceOrientations_iPhone = "UIInterfaceOrientationPortrait UIInterfaceOrientationLandscapeLeft UIInterfaceOrientationLandscapeRight";
				LD_RUNPATH_SEARCH_PATHS = (
					"$(inherited)",
					"@executable_path/Frameworks",
				);
				MARKETING_VERSION = 1.0;
				PRODUCT_BUNDLE_IDENTIFIER = com.mattn0427.ForReels;
				PRODUCT_NAME = "$(TARGET_NAME)";
				SWIFT_EMIT_LOC_STRINGS = YES;
				SWIFT_VERSION = 5.0;
				TARGETED_DEVICE_FAMILY = "1,2";
			};
			name = Release;
		};
		6AD3E87C28D3E06D00B6EF3B /* Debug */ = {
			isa = XCBuildConfiguration;
			buildSettings = {
				ALWAYS_EMBED_SWIFT_STANDARD_LIBRARIES = YES;
				BUNDLE_LOADER = "$(TEST_HOST)";
				CODE_SIGN_STYLE = Automatic;
				CURRENT_PROJECT_VERSION = 1;
				DEVELOPMENT_TEAM = 26U25AQV5V;
				GENERATE_INFOPLIST_FILE = YES;
				IPHONEOS_DEPLOYMENT_TARGET = 15.5;
				MARKETING_VERSION = 1.0;
				PRODUCT_BUNDLE_IDENTIFIER = com.mattn0427.ForReelsTests;
				PRODUCT_NAME = "$(TARGET_NAME)";
				SWIFT_EMIT_LOC_STRINGS = NO;
				SWIFT_VERSION = 5.0;
				TARGETED_DEVICE_FAMILY = "1,2";
				TEST_HOST = "$(BUILT_PRODUCTS_DIR)/ForReels.app/ForReels";
			};
			name = Debug;
		};
		6AD3E87D28D3E06D00B6EF3B /* Release */ = {
			isa = XCBuildConfiguration;
			buildSettings = {
				ALWAYS_EMBED_SWIFT_STANDARD_LIBRARIES = YES;
				BUNDLE_LOADER = "$(TEST_HOST)";
				CODE_SIGN_STYLE = Automatic;
				CURRENT_PROJECT_VERSION = 1;
				DEVELOPMENT_TEAM = 26U25AQV5V;
				GENERATE_INFOPLIST_FILE = YES;
				IPHONEOS_DEPLOYMENT_TARGET = 15.5;
				MARKETING_VERSION = 1.0;
				PRODUCT_BUNDLE_IDENTIFIER = com.mattn0427.ForReelsTests;
				PRODUCT_NAME = "$(TARGET_NAME)";
				SWIFT_EMIT_LOC_STRINGS = NO;
				SWIFT_VERSION = 5.0;
				TARGETED_DEVICE_FAMILY = "1,2";
				TEST_HOST = "$(BUILT_PRODUCTS_DIR)/ForReels.app/ForReels";
			};
			name = Release;
		};
		6AD3E87F28D3E06D00B6EF3B /* Debug */ = {
			isa = XCBuildConfiguration;
			buildSettings = {
				ALWAYS_EMBED_SWIFT_STANDARD_LIBRARIES = YES;
				CODE_SIGN_STYLE = Automatic;
				CURRENT_PROJECT_VERSION = 1;
				DEVELOPMENT_TEAM = 26U25AQV5V;
				GENERATE_INFOPLIST_FILE = YES;
				MARKETING_VERSION = 1.0;
				PRODUCT_BUNDLE_IDENTIFIER = com.mattn0427.ForReelsUITests;
				PRODUCT_NAME = "$(TARGET_NAME)";
				SWIFT_EMIT_LOC_STRINGS = NO;
				SWIFT_VERSION = 5.0;
				TARGETED_DEVICE_FAMILY = "1,2";
				TEST_TARGET_NAME = ForReels;
			};
			name = Debug;
		};
		6AD3E88028D3E06D00B6EF3B /* Release */ = {
			isa = XCBuildConfiguration;
			buildSettings = {
				ALWAYS_EMBED_SWIFT_STANDARD_LIBRARIES = YES;
				CODE_SIGN_STYLE = Automatic;
				CURRENT_PROJECT_VERSION = 1;
				DEVELOPMENT_TEAM = 26U25AQV5V;
				GENERATE_INFOPLIST_FILE = YES;
				MARKETING_VERSION = 1.0;
				PRODUCT_BUNDLE_IDENTIFIER = com.mattn0427.ForReelsUITests;
				PRODUCT_NAME = "$(TARGET_NAME)";
				SWIFT_EMIT_LOC_STRINGS = NO;
				SWIFT_VERSION = 5.0;
				TARGETED_DEVICE_FAMILY = "1,2";
				TEST_TARGET_NAME = ForReels;
			};
			name = Release;
		};
/* End XCBuildConfiguration section */

/* Begin XCConfigurationList section */
		6AD3E84928D3E06C00B6EF3B /* Build configuration list for PBXProject "ForReels" */ = {
			isa = XCConfigurationList;
			buildConfigurations = (
				6AD3E87628D3E06D00B6EF3B /* Debug */,
				6AD3E87728D3E06D00B6EF3B /* Release */,
			);
			defaultConfigurationIsVisible = 0;
			defaultConfigurationName = Release;
		};
		6AD3E87828D3E06D00B6EF3B /* Build configuration list for PBXNativeTarget "ForReels" */ = {
			isa = XCConfigurationList;
			buildConfigurations = (
				6AD3E87928D3E06D00B6EF3B /* Debug */,
				6AD3E87A28D3E06D00B6EF3B /* Release */,
			);
			defaultConfigurationIsVisible = 0;
			defaultConfigurationName = Release;
		};
		6AD3E87B28D3E06D00B6EF3B /* Build configuration list for PBXNativeTarget "ForReelsTests" */ = {
			isa = XCConfigurationList;
			buildConfigurations = (
				6AD3E87C28D3E06D00B6EF3B /* Debug */,
				6AD3E87D28D3E06D00B6EF3B /* Release */,
			);
			defaultConfigurationIsVisible = 0;
			defaultConfigurationName = Release;
		};
		6AD3E87E28D3E06D00B6EF3B /* Build configuration list for PBXNativeTarget "ForReelsUITests" */ = {
			isa = XCConfigurationList;
			buildConfigurations = (
				6AD3E87F28D3E06D00B6EF3B /* Debug */,
				6AD3E88028D3E06D00B6EF3B /* Release */,
			);
			defaultConfigurationIsVisible = 0;
			defaultConfigurationName = Release;
		};
/* End XCConfigurationList section */
	};
	rootObject = 6AD3E84628D3E06C00B6EF3B /* Project object */;
}
